
Microsoft Visual Studio Solution File, Format Version 12.00
# Visual Studio 15
VisualStudioVersion = 15.0.28307.852
MinimumVisualStudioVersion = 10.0.40219.1
Project("{8BC9CEB8-8B4A-11D0-8D11-00A0C91BC942}") = "27 Inheritance", "27 Inheritance\27 Inheritance.vcxproj", "{14848D79-D1E8-4837-82C8-A130FC3CCF5F}"
EndProject
Global
	GlobalSection(SolutionConfigurationPlatforms) = preSolution
		Debug|x64 = Debug|x64
		Debug|x86 = Debug|x86
		Release|x64 = Release|x64
		Release|x86 = Release|x86
	EndGlobalSection
	GlobalSection(ProjectConfigurationPlatforms) = postSolution
		{14848D79-D1E8-4837-82C8-A130FC3CCF5F}.Debug|x64.ActiveCfg = Debug|x64
		{14848D79-D1E8-4837-82C8-A130FC3CCF5F}.Debug|x64.Build.0 = Debug|x64
		{14848D79-D1E8-4837-82C8-A130FC3CCF5F}.Debug|x86.ActiveCfg = Debug|Win32
		{14848D79-D1E8-4837-82C8-A130FC3CCF5F}.Debug|x86.Build.0 = Debug|Win32
		{14848D79-D1E8-4837-82C8-A130FC3CCF5F}.Release|x64.ActiveCfg = Release|x64
		{14848D79-D1E8-4837-82C8-A130FC3CCF5F}.Release|x64.Build.0 = Release|x64
		{14848D79-D1E8-4837-82C8-A130FC3CCF5F}.Release|x86.ActiveCfg = Release|Win32
		{14848D79-D1E8-4837-82C8-A130FC3CCF5F}.Release|x86.Build.0 = Release|Win32
	EndGlobalSection
	GlobalSection(SolutionProperties) = preSolution
		HideSolutionNode = FALSE
	EndGlobalSection
	GlobalSection(ExtensibilityGlobals) = postSolution
		SolutionGuid = {2D0D25D6-3D84-4737-B2A8-BEE3CE7F1044}
	EndGlobalSection
EndGlobal
