
Microsoft Visual Studio Solution File, Format Version 12.00
# Visual Studio 15
VisualStudioVersion = 15.0.28307.438
MinimumVisualStudioVersion = 10.0.40219.1
Project("{8BC9CEB8-8B4A-11D0-8D11-00A0C91BC942}") = "59_Lambdas_In_CPlusPlus", "59_Lambdas_In_CPlusPlus\59_Lambdas_In_CPlusPlus.vcxproj", "{911105BC-E9D7-4309-8DFA-81AF66494FAE}"
EndProject
Global
	GlobalSection(SolutionConfigurationPlatforms) = preSolution
		Debug|x64 = Debug|x64
		Debug|x86 = Debug|x86
		Release|x64 = Release|x64
		Release|x86 = Release|x86
	EndGlobalSection
	GlobalSection(ProjectConfigurationPlatforms) = postSolution
		{911105BC-E9D7-4309-8DFA-81AF66494FAE}.Debug|x64.ActiveCfg = Debug|x64
		{911105BC-E9D7-4309-8DFA-81AF66494FAE}.Debug|x64.Build.0 = Debug|x64
		{911105BC-E9D7-4309-8DFA-81AF66494FAE}.Debug|x86.ActiveCfg = Debug|Win32
		{911105BC-E9D7-4309-8DFA-81AF66494FAE}.Debug|x86.Build.0 = Debug|Win32
		{911105BC-E9D7-4309-8DFA-81AF66494FAE}.Release|x64.ActiveCfg = Release|x64
		{911105BC-E9D7-4309-8DFA-81AF66494FAE}.Release|x64.Build.0 = Release|x64
		{911105BC-E9D7-4309-8DFA-81AF66494FAE}.Release|x86.ActiveCfg = Release|Win32
		{911105BC-E9D7-4309-8DFA-81AF66494FAE}.Release|x86.Build.0 = Release|Win32
	EndGlobalSection
	GlobalSection(SolutionProperties) = preSolution
		HideSolutionNode = FALSE
	EndGlobalSection
	GlobalSection(ExtensibilityGlobals) = postSolution
		SolutionGuid = {AD3692B5-1B9B-4647-9EBB-9C3E0B5C3924}
	EndGlobalSection
EndGlobal
