
Microsoft Visual Studio Solution File, Format Version 12.00
# Visual Studio 15
VisualStudioVersion = 15.0.28307.438
MinimumVisualStudioVersion = 10.0.40219.1
Project("{8BC9CEB8-8B4A-11D0-8D11-00A0C91BC942}") = "07_How_The_CPlusPlus_Linker_Works", "07_How_The_CPlusPlus_Linker_Works\07_How_The_CPlusPlus_Linker_Works.vcxproj", "{C99EB3F6-61D6-40AD-8540-D4FE6613282F}"
EndProject
Global
	GlobalSection(SolutionConfigurationPlatforms) = preSolution
		Debug|x64 = Debug|x64
		Debug|x86 = Debug|x86
		Release|x64 = Release|x64
		Release|x86 = Release|x86
	EndGlobalSection
	GlobalSection(ProjectConfigurationPlatforms) = postSolution
		{C99EB3F6-61D6-40AD-8540-D4FE6613282F}.Debug|x64.ActiveCfg = Debug|x64
		{C99EB3F6-61D6-40AD-8540-D4FE6613282F}.Debug|x64.Build.0 = Debug|x64
		{C99EB3F6-61D6-40AD-8540-D4FE6613282F}.Debug|x86.ActiveCfg = Debug|Win32
		{C99EB3F6-61D6-40AD-8540-D4FE6613282F}.Debug|x86.Build.0 = Debug|Win32
		{C99EB3F6-61D6-40AD-8540-D4FE6613282F}.Release|x64.ActiveCfg = Release|x64
		{C99EB3F6-61D6-40AD-8540-D4FE6613282F}.Release|x64.Build.0 = Release|x64
		{C99EB3F6-61D6-40AD-8540-D4FE6613282F}.Release|x86.ActiveCfg = Release|Win32
		{C99EB3F6-61D6-40AD-8540-D4FE6613282F}.Release|x86.Build.0 = Release|Win32
	EndGlobalSection
	GlobalSection(SolutionProperties) = preSolution
		HideSolutionNode = FALSE
	EndGlobalSection
	GlobalSection(ExtensibilityGlobals) = postSolution
		SolutionGuid = {0BF0E2F7-8AB5-41A8-BA6A-73C2A01BAEED}
	EndGlobalSection
EndGlobal
