
Microsoft Visual Studio Solution File, Format Version 12.00
# Visual Studio 15
VisualStudioVersion = 15.0.28307.852
MinimumVisualStudioVersion = 10.0.40219.1
Project("{8BC9CEB8-8B4A-11D0-8D11-00A0C91BC942}") = "08 Variables", "08 Variables\08 Variables.vcxproj", "{F97DEA69-EF51-4E6E-BD5E-25887CBA4383}"
EndProject
Global
	GlobalSection(SolutionConfigurationPlatforms) = preSolution
		Debug|x64 = Debug|x64
		Debug|x86 = Debug|x86
		Release|x64 = Release|x64
		Release|x86 = Release|x86
	EndGlobalSection
	GlobalSection(ProjectConfigurationPlatforms) = postSolution
		{F97DEA69-EF51-4E6E-BD5E-25887CBA4383}.Debug|x64.ActiveCfg = Debug|x64
		{F97DEA69-EF51-4E6E-BD5E-25887CBA4383}.Debug|x64.Build.0 = Debug|x64
		{F97DEA69-EF51-4E6E-BD5E-25887CBA4383}.Debug|x86.ActiveCfg = Debug|Win32
		{F97DEA69-EF51-4E6E-BD5E-25887CBA4383}.Debug|x86.Build.0 = Debug|Win32
		{F97DEA69-EF51-4E6E-BD5E-25887CBA4383}.Release|x64.ActiveCfg = Release|x64
		{F97DEA69-EF51-4E6E-BD5E-25887CBA4383}.Release|x64.Build.0 = Release|x64
		{F97DEA69-EF51-4E6E-BD5E-25887CBA4383}.Release|x86.ActiveCfg = Release|Win32
		{F97DEA69-EF51-4E6E-BD5E-25887CBA4383}.Release|x86.Build.0 = Release|Win32
	EndGlobalSection
	GlobalSection(SolutionProperties) = preSolution
		HideSolutionNode = FALSE
	EndGlobalSection
	GlobalSection(ExtensibilityGlobals) = postSolution
		SolutionGuid = {0919F915-088A-4458-85E5-13728DE2EF8F}
	EndGlobalSection
EndGlobal
