
Microsoft Visual Studio Solution File, Format Version 12.00
# Visual Studio 15
VisualStudioVersion = 15.0.28307.852
MinimumVisualStudioVersion = 10.0.40219.1
Project("{8BC9CEB8-8B4A-11D0-8D11-00A0C91BC942}") = "28_Virtual_Functions_In_CPlusPlus", "28_Virtual_Functions_In_CPlusPlus\28_Virtual_Functions_In_CPlusPlus.vcxproj", "{7000BB9F-2650-4A97-A386-5B2CDAC45278}"
EndProject
Global
	GlobalSection(SolutionConfigurationPlatforms) = preSolution
		Debug|x64 = Debug|x64
		Debug|x86 = Debug|x86
		Release|x64 = Release|x64
		Release|x86 = Release|x86
	EndGlobalSection
	GlobalSection(ProjectConfigurationPlatforms) = postSolution
		{7000BB9F-2650-4A97-A386-5B2CDAC45278}.Debug|x64.ActiveCfg = Debug|x64
		{7000BB9F-2650-4A97-A386-5B2CDAC45278}.Debug|x64.Build.0 = Debug|x64
		{7000BB9F-2650-4A97-A386-5B2CDAC45278}.Debug|x86.ActiveCfg = Debug|Win32
		{7000BB9F-2650-4A97-A386-5B2CDAC45278}.Debug|x86.Build.0 = Debug|Win32
		{7000BB9F-2650-4A97-A386-5B2CDAC45278}.Release|x64.ActiveCfg = Release|x64
		{7000BB9F-2650-4A97-A386-5B2CDAC45278}.Release|x64.Build.0 = Release|x64
		{7000BB9F-2650-4A97-A386-5B2CDAC45278}.Release|x86.ActiveCfg = Release|Win32
		{7000BB9F-2650-4A97-A386-5B2CDAC45278}.Release|x86.Build.0 = Release|Win32
	EndGlobalSection
	GlobalSection(SolutionProperties) = preSolution
		HideSolutionNode = FALSE
	EndGlobalSection
	GlobalSection(ExtensibilityGlobals) = postSolution
		SolutionGuid = {818DF79A-0BF1-4C9D-B424-9A00B91BF386}
	EndGlobalSection
EndGlobal
