
Microsoft Visual Studio Solution File, Format Version 12.00
# Visual Studio 15
VisualStudioVersion = 15.0.28307.852
MinimumVisualStudioVersion = 10.0.40219.1
Project("{8BC9CEB8-8B4A-11D0-8D11-00A0C91BC942}") = "09_Functions", "09_Functions\09_Functions.vcxproj", "{5FA9891F-D22F-40F1-BBB9-A08A8B09B25D}"
EndProject
Global
	GlobalSection(SolutionConfigurationPlatforms) = preSolution
		Debug|x64 = Debug|x64
		Debug|x86 = Debug|x86
		Release|x64 = Release|x64
		Release|x86 = Release|x86
	EndGlobalSection
	GlobalSection(ProjectConfigurationPlatforms) = postSolution
		{5FA9891F-D22F-40F1-BBB9-A08A8B09B25D}.Debug|x64.ActiveCfg = Debug|x64
		{5FA9891F-D22F-40F1-BBB9-A08A8B09B25D}.Debug|x64.Build.0 = Debug|x64
		{5FA9891F-D22F-40F1-BBB9-A08A8B09B25D}.Debug|x86.ActiveCfg = Debug|Win32
		{5FA9891F-D22F-40F1-BBB9-A08A8B09B25D}.Debug|x86.Build.0 = Debug|Win32
		{5FA9891F-D22F-40F1-BBB9-A08A8B09B25D}.Release|x64.ActiveCfg = Release|x64
		{5FA9891F-D22F-40F1-BBB9-A08A8B09B25D}.Release|x64.Build.0 = Release|x64
		{5FA9891F-D22F-40F1-BBB9-A08A8B09B25D}.Release|x86.ActiveCfg = Release|Win32
		{5FA9891F-D22F-40F1-BBB9-A08A8B09B25D}.Release|x86.Build.0 = Release|Win32
	EndGlobalSection
	GlobalSection(SolutionProperties) = preSolution
		HideSolutionNode = FALSE
	EndGlobalSection
	GlobalSection(ExtensibilityGlobals) = postSolution
		SolutionGuid = {DAF6B5A1-C36F-447C-AFBF-24D60978598A}
	EndGlobalSection
EndGlobal
