
Microsoft Visual Studio Solution File, Format Version 12.00
# Visual Studio Version 16
VisualStudioVersion = 16.0.29806.167
MinimumVisualStudioVersion = 10.0.40219.1
Project("{8BC9CEB8-8B4A-11D0-8D11-00A0C91BC942}") = "45 Copy Constructors", "45 Copy Constructors\45 Copy Constructors.vcxproj", "{41462A2E-635C-4AF6-BA27-E84F0FD62415}"
EndProject
Global
	GlobalSection(SolutionConfigurationPlatforms) = preSolution
		Debug|x64 = Debug|x64
		Debug|x86 = Debug|x86
		Release|x64 = Release|x64
		Release|x86 = Release|x86
	EndGlobalSection
	GlobalSection(ProjectConfigurationPlatforms) = postSolution
		{41462A2E-635C-4AF6-BA27-E84F0FD62415}.Debug|x64.ActiveCfg = Debug|x64
		{41462A2E-635C-4AF6-BA27-E84F0FD62415}.Debug|x64.Build.0 = Debug|x64
		{41462A2E-635C-4AF6-BA27-E84F0FD62415}.Debug|x86.ActiveCfg = Debug|Win32
		{41462A2E-635C-4AF6-BA27-E84F0FD62415}.Debug|x86.Build.0 = Debug|Win32
		{41462A2E-635C-4AF6-BA27-E84F0FD62415}.Release|x64.ActiveCfg = Release|x64
		{41462A2E-635C-4AF6-BA27-E84F0FD62415}.Release|x64.Build.0 = Release|x64
		{41462A2E-635C-4AF6-BA27-E84F0FD62415}.Release|x86.ActiveCfg = Release|Win32
		{41462A2E-635C-4AF6-BA27-E84F0FD62415}.Release|x86.Build.0 = Release|Win32
	EndGlobalSection
	GlobalSection(SolutionProperties) = preSolution
		HideSolutionNode = FALSE
	EndGlobalSection
	GlobalSection(ExtensibilityGlobals) = postSolution
		SolutionGuid = {B7157D57-DC04-4602-A84E-69D3C187BDE3}
	EndGlobalSection
EndGlobal
